
Microsoft Visual Studio Solution File, Format Version 12.00
# Visual Studio Version 16
VisualStudioVersion = 16.0.30011.22
MinimumVisualStudioVersion = 10.0.40219.1
Project("{FAE04EC0-301F-11D3-BF4B-00C04F79EFBC}") = "3-1 3-2", "3-1 3-2\3-1 3-2.csproj", "{30B29BA5-218A-4AA9-A06F-2F9FDCC90271}"
EndProject
Global
	GlobalSection(SolutionConfigurationPlatforms) = preSolution
		Debug|Any CPU = Debug|Any CPU
		Release|Any CPU = Release|Any CPU
	EndGlobalSection
	GlobalSection(ProjectConfigurationPlatforms) = postSolution
		{30B29BA5-218A-4AA9-A06F-2F9FDCC90271}.Debug|Any CPU.ActiveCfg = Debug|Any CPU
		{30B29BA5-218A-4AA9-A06F-2F9FDCC90271}.Debug|Any CPU.Build.0 = Debug|Any CPU
		{30B29BA5-218A-4AA9-A06F-2F9FDCC90271}.Release|Any CPU.ActiveCfg = Release|Any CPU
		{30B29BA5-218A-4AA9-A06F-2F9FDCC90271}.Release|Any CPU.Build.0 = Release|Any CPU
	EndGlobalSection
	GlobalSection(SolutionProperties) = preSolution
		HideSolutionNode = FALSE
	EndGlobalSection
	GlobalSection(ExtensibilityGlobals) = postSolution
		SolutionGuid = {FDA5E868-970E-4C1B-A7CE-D29C34CCD03A}
	EndGlobalSection
EndGlobal
