
Microsoft Visual Studio Solution File, Format Version 12.00
# Visual Studio Version 16
VisualStudioVersion = 16.0.30011.22
MinimumVisualStudioVersion = 10.0.40219.1
Project("{FAE04EC0-301F-11D3-BF4B-00C04F79EFBC}") = "3-1 3-2計算機", "3-1 3-2計算機\3-1 3-2計算機.csproj", "{AD582A3E-C36E-40D4-B8C6-904D2F72ED61}"
EndProject
Global
	GlobalSection(SolutionConfigurationPlatforms) = preSolution
		Debug|Any CPU = Debug|Any CPU
		Release|Any CPU = Release|Any CPU
	EndGlobalSection
	GlobalSection(ProjectConfigurationPlatforms) = postSolution
		{AD582A3E-C36E-40D4-B8C6-904D2F72ED61}.Debug|Any CPU.ActiveCfg = Debug|Any CPU
		{AD582A3E-C36E-40D4-B8C6-904D2F72ED61}.Debug|Any CPU.Build.0 = Debug|Any CPU
		{AD582A3E-C36E-40D4-B8C6-904D2F72ED61}.Release|Any CPU.ActiveCfg = Release|Any CPU
		{AD582A3E-C36E-40D4-B8C6-904D2F72ED61}.Release|Any CPU.Build.0 = Release|Any CPU
	EndGlobalSection
	GlobalSection(SolutionProperties) = preSolution
		HideSolutionNode = FALSE
	EndGlobalSection
	GlobalSection(ExtensibilityGlobals) = postSolution
		SolutionGuid = {F94DB2C3-C220-4D61-8A33-A8889D1FDE67}
	EndGlobalSection
EndGlobal
